<?xml version="1.0" encoding="utf-8"?>
<Project ToolsVersion="4.0" xmlns="http://schemas.microsoft.com/developer/msbuild/2003">
  <ItemGroup>
    <Filter Include="Pliki źródłowe">
      <UniqueIdentifier>{4FC737F1-C7A5-4376-A066-2A32D752A2FF}</UniqueIdentifier>
      <Extensions>cpp;c;cc;cxx;c++;cppm;ixx;def;odl;idl;hpj;bat;asm;asmx</Extensions>
    </Filter>
    <Filter Include="Pliki nagłówkowe">
      <UniqueIdentifier>{93995380-89BD-4b04-88EB-625FBE52EBFB}</UniqueIdentifier>
      <Extensions>h;hh;hpp;hxx;h++;hm;inl;inc;ipp;xsd</Extensions>
    </Filter>
    <Filter Include="Pliki zasobów">
      <UniqueIdentifier>{67DA6AB6-F800-4c08-8B7A-83BB121AAD01}</UniqueIdentifier>
      <Extensions>rc;ico;cur;bmp;dlg;rc2;rct;bin;rgs;gif;jpg;jpeg;jpe;resx;tiff;tif;png;wav;mfcribbon-ms</Extensions>
    </Filter>
    <Filter Include="Pliki nagłówkowe\game_info">
      <UniqueIdentifier>{3989cd4a-2bd0-4d7f-aa7e-b9aa1fb252b1}</UniqueIdentifier>
    </Filter>
    <Filter Include="Pliki nagłówkowe\sim_components">
      <UniqueIdentifier>{2f69886a-3e99-43b7-b744-d8eda0b172a3}</UniqueIdentifier>
    </Filter>
  </ItemGroup>
  <ItemGroup>
    <ClCompile Include="main.cpp">
      <Filter>Pliki źródłowe</Filter>
    </ClCompile>
    <ClCompile Include="import_data.cpp">
      <Filter>Pliki źródłowe</Filter>
    </ClCompile>
    <ClCompile Include="player_card_info.cpp">
      <Filter>Pliki źródłowe</Filter>
    </ClCompile>
    <ClCompile Include="simulation.cpp">
      <Filter>Pliki źródłowe</Filter>
    </ClCompile>
    <ClCompile Include="sim_deck.cpp">
      <Filter>Pliki źródłowe</Filter>
    </ClCompile>
    <ClCompile Include="sim_titan.cpp">
      <Filter>Pliki źródłowe</Filter>
    </ClCompile>
    <ClCompile Include="sim_part.cpp">
      <Filter>Pliki źródłowe</Filter>
    </ClCompile>
    <ClCompile Include="sim_card.cpp">
      <Filter>Pliki źródłowe</Filter>
    </ClCompile>
    <ClCompile Include="sim_stack.cpp">
      <Filter>Pliki źródłowe</Filter>
    </ClCompile>
    <ClCompile Include="sim_result.cpp">
      <Filter>Pliki źródłowe</Filter>
    </ClCompile>
  </ItemGroup>
  <ItemGroup>
    <ClInclude Include="import_data.h">
      <Filter>Pliki nagłówkowe</Filter>
    </ClInclude>
    <ClInclude Include="simulation.h">
      <Filter>Pliki nagłówkowe</Filter>
    </ClInclude>
    <ClInclude Include="enumerables.h">
      <Filter>Pliki nagłówkowe</Filter>
    </ClInclude>
    <ClInclude Include="declarations.h">
      <Filter>Pliki nagłówkowe</Filter>
    </ClInclude>
    <ClInclude Include="area_info.h">
      <Filter>Pliki nagłówkowe\game_info</Filter>
    </ClInclude>
    <ClInclude Include="card_info.h">
      <Filter>Pliki nagłówkowe\game_info</Filter>
    </ClInclude>
    <ClInclude Include="player_card_info.h">
      <Filter>Pliki nagłówkowe\game_info</Filter>
    </ClInclude>
    <ClInclude Include="titan_info.h">
      <Filter>Pliki nagłówkowe\game_info</Filter>
    </ClInclude>
    <ClInclude Include="sim_card.h">
      <Filter>Pliki nagłówkowe\sim_components</Filter>
    </ClInclude>
    <ClInclude Include="sim_deck.h">
      <Filter>Pliki nagłówkowe\sim_components</Filter>
    </ClInclude>
    <ClInclude Include="sim_part.h">
      <Filter>Pliki nagłówkowe\sim_components</Filter>
    </ClInclude>
    <ClInclude Include="sim_stack.h">
      <Filter>Pliki nagłówkowe\sim_components</Filter>
    </ClInclude>
    <ClInclude Include="sim_titan.h">
      <Filter>Pliki nagłówkowe\sim_components</Filter>
    </ClInclude>
    <ClInclude Include="sim_result.h">
      <Filter>Pliki nagłówkowe\sim_components</Filter>
    </ClInclude>
    <ClInclude Include="player_info.h">
      <Filter>Pliki nagłówkowe\game_info</Filter>
    </ClInclude>
  </ItemGroup>
</Project>