<?xml version="1.0" encoding="utf-8"?>
<Project ToolsVersion="4.0" xmlns="http://schemas.microsoft.com/developer/msbuild/2003">
  <ItemGroup>
    <Filter Include="Pliki źródłowe">
      <UniqueIdentifier>{4FC737F1-C7A5-4376-A066-2A32D752A2FF}</UniqueIdentifier>
      <Extensions>cpp;c;cc;cxx;c++;cppm;ixx;def;odl;idl;hpj;bat;asm;asmx</Extensions>
    </Filter>
    <Filter Include="Pliki nagłówkowe">
      <UniqueIdentifier>{93995380-89BD-4b04-88EB-625FBE52EBFB}</UniqueIdentifier>
      <Extensions>h;hh;hpp;hxx;h++;hm;inl;inc;ipp;xsd</Extensions>
    </Filter>
    <Filter Include="Pliki zasobów">
      <UniqueIdentifier>{67DA6AB6-F800-4c08-8B7A-83BB121AAD01}</UniqueIdentifier>
      <Extensions>rc;ico;cur;bmp;dlg;rc2;rct;bin;rgs;gif;jpg;jpeg;jpe;resx;tiff;tif;png;wav;mfcribbon-ms</Extensions>
    </Filter>
    <Filter Include="Pliki nagłówkowe\game_info">
      <UniqueIdentifier>{3989cd4a-2bd0-4d7f-aa7e-b9aa1fb252b1}</UniqueIdentifier>
    </Filter>
    <Filter Include="Pliki nagłówkowe\sim_components">
      <UniqueIdentifier>{2f69886a-3e99-43b7-b744-d8eda0b172a3}</UniqueIdentifier>
    </Filter>
    <Filter Include="Pliki nagłówkowe\program">
      <UniqueIdentifier>{0ea5ee95-ecf9-4561-869e-fbfb261eb028}</UniqueIdentifier>
    </Filter>
    <Filter Include="Pliki źródłowe\game_info">
      <UniqueIdentifier>{605d308f-df64-472f-a8f6-7a01748eba23}</UniqueIdentifier>
    </Filter>
    <Filter Include="Pliki źródłowe\program">
      <UniqueIdentifier>{6b6df674-2dbc-49f3-9d25-017c3327c230}</UniqueIdentifier>
    </Filter>
    <Filter Include="Pliki źródłowe\sim_components">
      <UniqueIdentifier>{6fbed8e3-58f0-4670-910f-59f9f57050ad}</UniqueIdentifier>
    </Filter>
    <Filter Include="Pliki nagłówkowe\sim_components\cards">
      <UniqueIdentifier>{a8b6c523-9cc7-43e2-ad19-4eeddf7f67e9}</UniqueIdentifier>
    </Filter>
    <Filter Include="Pliki źródłowe\sim_components\cards">
      <UniqueIdentifier>{b9141d21-8db4-4dcd-a9d2-5154a3fef9e3}</UniqueIdentifier>
    </Filter>
    <Filter Include="Pliki nagłówkowe\sim_components\cards\bursts">
      <UniqueIdentifier>{ad3b5f5d-a266-4c39-ad10-b9eadcdbf857}</UniqueIdentifier>
    </Filter>
    <Filter Include="Pliki nagłówkowe\sim_components\cards\afflictions">
      <UniqueIdentifier>{50f321a6-2069-4b15-8b7f-7bb9470759bd}</UniqueIdentifier>
    </Filter>
    <Filter Include="Pliki nagłówkowe\sim_components\cards\supports">
      <UniqueIdentifier>{d833b736-1109-4dbf-a248-9c4c8fff5bc8}</UniqueIdentifier>
    </Filter>
    <Filter Include="Pliki źródłowe\sim_components\cards\bursts">
      <UniqueIdentifier>{b38dd543-bfc7-48c8-bc22-ea9c8da4326c}</UniqueIdentifier>
    </Filter>
    <Filter Include="Pliki źródłowe\sim_components\cards\afflictions">
      <UniqueIdentifier>{fde8edcb-2f01-4168-977d-4b9fb473ec27}</UniqueIdentifier>
    </Filter>
    <Filter Include="Pliki źródłowe\sim_components\cards\supports">
      <UniqueIdentifier>{41c5e034-31a7-44f4-8eae-e3ff51c5760e}</UniqueIdentifier>
    </Filter>
  </ItemGroup>
  <ItemGroup>
    <ClCompile Include="main.cpp">
      <Filter>Pliki źródłowe</Filter>
    </ClCompile>
    <ClCompile Include="game_info\player_card_info.cpp">
      <Filter>Pliki źródłowe\game_info</Filter>
    </ClCompile>
    <ClCompile Include="program\import_data.cpp">
      <Filter>Pliki źródłowe\program</Filter>
    </ClCompile>
    <ClCompile Include="program\simulation.cpp">
      <Filter>Pliki źródłowe\program</Filter>
    </ClCompile>
    <ClCompile Include="sim_components\sim_card.cpp">
      <Filter>Pliki źródłowe\sim_components</Filter>
    </ClCompile>
    <ClCompile Include="sim_components\sim_deck.cpp">
      <Filter>Pliki źródłowe\sim_components</Filter>
    </ClCompile>
    <ClCompile Include="sim_components\sim_part.cpp">
      <Filter>Pliki źródłowe\sim_components</Filter>
    </ClCompile>
    <ClCompile Include="sim_components\sim_result.cpp">
      <Filter>Pliki źródłowe\sim_components</Filter>
    </ClCompile>
    <ClCompile Include="sim_components\sim_stack.cpp">
      <Filter>Pliki źródłowe\sim_components</Filter>
    </ClCompile>
    <ClCompile Include="sim_components\sim_titan.cpp">
      <Filter>Pliki źródłowe\sim_components</Filter>
    </ClCompile>
    <ClCompile Include="sim_components\cards\burst.cpp">
      <Filter>Pliki źródłowe\sim_components\cards</Filter>
    </ClCompile>
    <ClCompile Include="sim_components\cards\bursts\moon_beam.cpp">
      <Filter>Pliki źródłowe\sim_components\cards\bursts</Filter>
    </ClCompile>
    <ClCompile Include="sim_components\cards\affliction.cpp">
      <Filter>Pliki źródłowe\sim_components\cards</Filter>
    </ClCompile>
    <ClCompile Include="sim_components\cards\support.cpp">
      <Filter>Pliki źródłowe\sim_components\cards</Filter>
    </ClCompile>
    <ClCompile Include="sim_components\cards\bursts\whip_of_lightning.cpp">
      <Filter>Pliki źródłowe\sim_components\cards\bursts</Filter>
    </ClCompile>
    <ClCompile Include="sim_components\cards\afflictions\blazing_inferno.cpp">
      <Filter>Pliki źródłowe\sim_components\cards\afflictions</Filter>
    </ClCompile>
    <ClCompile Include="sim_components\cards\afflictions\fusion_bomb.cpp">
      <Filter>Pliki źródłowe\sim_components\cards\afflictions</Filter>
    </ClCompile>
    <ClCompile Include="sim_components\cards\supports\totem_of_power.cpp">
      <Filter>Pliki źródłowe\sim_components\cards\supports</Filter>
    </ClCompile>
    <ClCompile Include="sim_components\cards\supports\ancestral_favor.cpp">
      <Filter>Pliki źródłowe\sim_components\cards\supports</Filter>
    </ClCompile>
    <ClCompile Include="program\attack_details.cpp">
      <Filter>Pliki źródłowe\program</Filter>
    </ClCompile>
    <ClCompile Include="sim_components\cards\bursts\purifying_blast.cpp">
      <Filter>Pliki źródłowe\sim_components\cards\bursts</Filter>
    </ClCompile>
    <ClCompile Include="sim_components\cards\afflictions\acid_drench.cpp">
      <Filter>Pliki źródłowe\sim_components\cards\afflictions</Filter>
    </ClCompile>
    <ClCompile Include="game_info\titan_info_t.cpp">
      <Filter>Pliki źródłowe</Filter>
    </ClCompile>
    <ClCompile Include="game_info\card_info_t.cpp">
      <Filter>Pliki źródłowe</Filter>
    </ClCompile>
  </ItemGroup>
  <ItemGroup>
    <ClInclude Include="game_info\area_info_t.h">
      <Filter>Pliki nagłówkowe\game_info</Filter>
    </ClInclude>
    <ClInclude Include="game_info\card_info_t.h">
      <Filter>Pliki nagłówkowe\game_info</Filter>
    </ClInclude>
    <ClInclude Include="game_info\enumerables.h">
      <Filter>Pliki nagłówkowe\game_info</Filter>
    </ClInclude>
    <ClInclude Include="game_info\player_card_t.h">
      <Filter>Pliki nagłówkowe\game_info</Filter>
    </ClInclude>
    <ClInclude Include="game_info\titan_info_t.h">
      <Filter>Pliki nagłówkowe\game_info</Filter>
    </ClInclude>
    <ClInclude Include="sim_components\sim_card.h">
      <Filter>Pliki nagłówkowe\sim_components</Filter>
    </ClInclude>
    <ClInclude Include="sim_components\sim_deck.h">
      <Filter>Pliki nagłówkowe\sim_components</Filter>
    </ClInclude>
    <ClInclude Include="sim_components\sim_part.h">
      <Filter>Pliki nagłówkowe\sim_components</Filter>
    </ClInclude>
    <ClInclude Include="sim_components\sim_result.h">
      <Filter>Pliki nagłówkowe\sim_components</Filter>
    </ClInclude>
    <ClInclude Include="sim_components\sim_stack.h">
      <Filter>Pliki nagłówkowe\sim_components</Filter>
    </ClInclude>
    <ClInclude Include="sim_components\sim_titan.h">
      <Filter>Pliki nagłówkowe\sim_components</Filter>
    </ClInclude>
    <ClInclude Include="program\import_data.h">
      <Filter>Pliki nagłówkowe\program</Filter>
    </ClInclude>
    <ClInclude Include="program\player_info.h">
      <Filter>Pliki nagłówkowe\program</Filter>
    </ClInclude>
    <ClInclude Include="program\simulation.h">
      <Filter>Pliki nagłówkowe\program</Filter>
    </ClInclude>
    <ClInclude Include="sim_components\cards\cards.h">
      <Filter>Pliki nagłówkowe\sim_components\cards</Filter>
    </ClInclude>
    <ClInclude Include="sim_components\cards\bursts\moon_beam.h">
      <Filter>Pliki nagłówkowe\sim_components\cards\bursts</Filter>
    </ClInclude>
    <ClInclude Include="sim_components\cards\burst.h">
      <Filter>Pliki nagłówkowe\sim_components\cards</Filter>
    </ClInclude>
    <ClInclude Include="sim_components\cards\affliction.h">
      <Filter>Pliki nagłówkowe\sim_components\cards</Filter>
    </ClInclude>
    <ClInclude Include="sim_components\cards\support.h">
      <Filter>Pliki nagłówkowe\sim_components\cards</Filter>
    </ClInclude>
    <ClInclude Include="sim_components\cards\bursts\fragmentize.h">
      <Filter>Pliki nagłówkowe\sim_components\cards\bursts</Filter>
    </ClInclude>
    <ClInclude Include="sim_components\cards\bursts\skull_bash.h">
      <Filter>Pliki nagłówkowe\sim_components\cards\bursts</Filter>
    </ClInclude>
    <ClInclude Include="sim_components\cards\bursts\razor_wind.h">
      <Filter>Pliki nagłówkowe\sim_components\cards\bursts</Filter>
    </ClInclude>
    <ClInclude Include="sim_components\cards\bursts\whip_of_lightning.h">
      <Filter>Pliki nagłówkowe\sim_components\cards\bursts</Filter>
    </ClInclude>
    <ClInclude Include="sim_components\cards\bursts\clanship_barrage.h">
      <Filter>Pliki nagłówkowe\sim_components\cards\bursts</Filter>
    </ClInclude>
    <ClInclude Include="sim_components\cards\bursts\purifying_blast.h">
      <Filter>Pliki nagłówkowe\sim_components\cards\bursts</Filter>
    </ClInclude>
    <ClInclude Include="sim_components\cards\bursts\psychic_shackles.h">
      <Filter>Pliki nagłówkowe\sim_components\cards\bursts</Filter>
    </ClInclude>
    <ClInclude Include="sim_components\cards\bursts\flak_shot.h">
      <Filter>Pliki nagłówkowe\sim_components\cards\bursts</Filter>
    </ClInclude>
    <ClInclude Include="sim_components\cards\bursts\cosmic_haymaker.h">
      <Filter>Pliki nagłówkowe\sim_components\cards\bursts</Filter>
    </ClInclude>
    <ClInclude Include="sim_components\cards\bursts\chain_of_vengeance.h">
      <Filter>Pliki nagłówkowe\sim_components\cards\bursts</Filter>
    </ClInclude>
    <ClInclude Include="sim_components\cards\bursts\mirror_force.h">
      <Filter>Pliki nagłówkowe\sim_components\cards\bursts</Filter>
    </ClInclude>
    <ClInclude Include="sim_components\cards\bursts\celestial_static.h">
      <Filter>Pliki nagłówkowe\sim_components\cards\bursts</Filter>
    </ClInclude>
    <ClInclude Include="sim_components\cards\afflictions\blazing_inferno.h">
      <Filter>Pliki nagłówkowe\sim_components\cards\afflictions</Filter>
    </ClInclude>
    <ClInclude Include="sim_components\cards\afflictions\acid_drench.h">
      <Filter>Pliki nagłówkowe\sim_components\cards\afflictions</Filter>
    </ClInclude>
    <ClInclude Include="sim_components\cards\afflictions\decaying_strike.h">
      <Filter>Pliki nagłówkowe\sim_components\cards\afflictions</Filter>
    </ClInclude>
    <ClInclude Include="sim_components\cards\afflictions\fusion_bomb.h">
      <Filter>Pliki nagłówkowe\sim_components\cards\afflictions</Filter>
    </ClInclude>
    <ClInclude Include="sim_components\cards\afflictions\grim_shadow.h">
      <Filter>Pliki nagłówkowe\sim_components\cards\afflictions</Filter>
    </ClInclude>
    <ClInclude Include="sim_components\cards\afflictions\thriving_plague.h">
      <Filter>Pliki nagłówkowe\sim_components\cards\afflictions</Filter>
    </ClInclude>
    <ClInclude Include="sim_components\cards\afflictions\radioactivity.h">
      <Filter>Pliki nagłówkowe\sim_components\cards\afflictions</Filter>
    </ClInclude>
    <ClInclude Include="sim_components\cards\afflictions\ravenous_swarm.h">
      <Filter>Pliki nagłówkowe\sim_components\cards\afflictions</Filter>
    </ClInclude>
    <ClInclude Include="sim_components\cards\afflictions\ruinous_rain.h">
      <Filter>Pliki nagłówkowe\sim_components\cards\afflictions</Filter>
    </ClInclude>
    <ClInclude Include="sim_components\cards\afflictions\corrosive_bubbles.h">
      <Filter>Pliki nagłówkowe\sim_components\cards\afflictions</Filter>
    </ClInclude>
    <ClInclude Include="sim_components\cards\afflictions\maelstrom.h">
      <Filter>Pliki nagłówkowe\sim_components\cards\afflictions</Filter>
    </ClInclude>
    <ClInclude Include="sim_components\cards\supports\crushing_instinct.h">
      <Filter>Pliki nagłówkowe\sim_components\cards\supports</Filter>
    </ClInclude>
    <ClInclude Include="sim_components\cards\supports\insanity_void.h">
      <Filter>Pliki nagłówkowe\sim_components\cards\supports</Filter>
    </ClInclude>
    <ClInclude Include="sim_components\cards\supports\rancid_gas.h">
      <Filter>Pliki nagłówkowe\sim_components\cards\supports</Filter>
    </ClInclude>
    <ClInclude Include="sim_components\cards\supports\inspiring_force.h">
      <Filter>Pliki nagłówkowe\sim_components\cards\supports</Filter>
    </ClInclude>
    <ClInclude Include="sim_components\cards\supports\soul_fire.h">
      <Filter>Pliki nagłówkowe\sim_components\cards\supports</Filter>
    </ClInclude>
    <ClInclude Include="sim_components\cards\supports\victory_march.h">
      <Filter>Pliki nagłówkowe\sim_components\cards\supports</Filter>
    </ClInclude>
    <ClInclude Include="sim_components\cards\supports\prismatic_rift.h">
      <Filter>Pliki nagłówkowe\sim_components\cards\supports</Filter>
    </ClInclude>
    <ClInclude Include="sim_components\cards\supports\ancestral_favor.h">
      <Filter>Pliki nagłówkowe\sim_components\cards\supports</Filter>
    </ClInclude>
    <ClInclude Include="sim_components\cards\supports\grasping_vines.h">
      <Filter>Pliki nagłówkowe\sim_components\cards\supports</Filter>
    </ClInclude>
    <ClInclude Include="sim_components\cards\supports\totem_of_power.h">
      <Filter>Pliki nagłówkowe\sim_components\cards\supports</Filter>
    </ClInclude>
    <ClInclude Include="sim_components\cards\supports\team_tactics.h">
      <Filter>Pliki nagłówkowe\sim_components\cards\supports</Filter>
    </ClInclude>
    <ClInclude Include="sim_components\cards\supports\skeletal_smash.h">
      <Filter>Pliki nagłówkowe\sim_components\cards\supports</Filter>
    </ClInclude>
    <ClInclude Include="sim_components\cards\supports\astral_echo.h">
      <Filter>Pliki nagłówkowe\sim_components\cards\supports</Filter>
    </ClInclude>
    <ClInclude Include="program\attack_details.h">
      <Filter>Pliki nagłówkowe\program</Filter>
    </ClInclude>
  </ItemGroup>
</Project>