<?xml version="1.0" encoding="utf-8"?>
<Project ToolsVersion="4.0" xmlns="http://schemas.microsoft.com/developer/msbuild/2003">
  <ItemGroup>
    <Filter Include="Pliki źródłowe">
      <UniqueIdentifier>{4FC737F1-C7A5-4376-A066-2A32D752A2FF}</UniqueIdentifier>
      <Extensions>cpp;c;cc;cxx;c++;cppm;ixx;def;odl;idl;hpj;bat;asm;asmx</Extensions>
    </Filter>
    <Filter Include="Pliki nagłówkowe">
      <UniqueIdentifier>{93995380-89BD-4b04-88EB-625FBE52EBFB}</UniqueIdentifier>
      <Extensions>h;hh;hpp;hxx;h++;hm;inl;inc;ipp;xsd</Extensions>
    </Filter>
    <Filter Include="Pliki zasobów">
      <UniqueIdentifier>{67DA6AB6-F800-4c08-8B7A-83BB121AAD01}</UniqueIdentifier>
      <Extensions>rc;ico;cur;bmp;dlg;rc2;rct;bin;rgs;gif;jpg;jpeg;jpe;resx;tiff;tif;png;wav;mfcribbon-ms</Extensions>
    </Filter>
    <Filter Include="Pliki nagłówkowe\game_info">
      <UniqueIdentifier>{3989cd4a-2bd0-4d7f-aa7e-b9aa1fb252b1}</UniqueIdentifier>
    </Filter>
    <Filter Include="Pliki nagłówkowe\sim_components">
      <UniqueIdentifier>{2f69886a-3e99-43b7-b744-d8eda0b172a3}</UniqueIdentifier>
    </Filter>
    <Filter Include="Pliki nagłówkowe\program">
      <UniqueIdentifier>{0ea5ee95-ecf9-4561-869e-fbfb261eb028}</UniqueIdentifier>
    </Filter>
    <Filter Include="Pliki źródłowe\game_info">
      <UniqueIdentifier>{605d308f-df64-472f-a8f6-7a01748eba23}</UniqueIdentifier>
    </Filter>
    <Filter Include="Pliki źródłowe\program">
      <UniqueIdentifier>{6b6df674-2dbc-49f3-9d25-017c3327c230}</UniqueIdentifier>
    </Filter>
    <Filter Include="Pliki źródłowe\sim_components">
      <UniqueIdentifier>{6fbed8e3-58f0-4670-910f-59f9f57050ad}</UniqueIdentifier>
    </Filter>
  </ItemGroup>
  <ItemGroup>
    <ClCompile Include="main.cpp">
      <Filter>Pliki źródłowe</Filter>
    </ClCompile>
    <ClCompile Include="game_info\player_card_info.cpp">
      <Filter>Pliki źródłowe\game_info</Filter>
    </ClCompile>
    <ClCompile Include="program\attack_details.cpp">
      <Filter>Pliki źródłowe\program</Filter>
    </ClCompile>
    <ClCompile Include="program\import_data.cpp">
      <Filter>Pliki źródłowe\program</Filter>
    </ClCompile>
    <ClCompile Include="program\simulation.cpp">
      <Filter>Pliki źródłowe\program</Filter>
    </ClCompile>
    <ClCompile Include="sim_components\sim_card.cpp">
      <Filter>Pliki źródłowe\sim_components</Filter>
    </ClCompile>
    <ClCompile Include="sim_components\sim_deck.cpp">
      <Filter>Pliki źródłowe\sim_components</Filter>
    </ClCompile>
    <ClCompile Include="sim_components\sim_part.cpp">
      <Filter>Pliki źródłowe\sim_components</Filter>
    </ClCompile>
    <ClCompile Include="sim_components\sim_result.cpp">
      <Filter>Pliki źródłowe\sim_components</Filter>
    </ClCompile>
    <ClCompile Include="sim_components\sim_stack.cpp">
      <Filter>Pliki źródłowe\sim_components</Filter>
    </ClCompile>
    <ClCompile Include="sim_components\sim_titan.cpp">
      <Filter>Pliki źródłowe\sim_components</Filter>
    </ClCompile>
  </ItemGroup>
  <ItemGroup>
    <ClInclude Include="game_info\area_info.h">
      <Filter>Pliki nagłówkowe\game_info</Filter>
    </ClInclude>
    <ClInclude Include="game_info\card_info.h">
      <Filter>Pliki nagłówkowe\game_info</Filter>
    </ClInclude>
    <ClInclude Include="game_info\enumerables.h">
      <Filter>Pliki nagłówkowe\game_info</Filter>
    </ClInclude>
    <ClInclude Include="game_info\player_card_info.h">
      <Filter>Pliki nagłówkowe\game_info</Filter>
    </ClInclude>
    <ClInclude Include="game_info\titan_info.h">
      <Filter>Pliki nagłówkowe\game_info</Filter>
    </ClInclude>
    <ClInclude Include="sim_components\sim_card.h">
      <Filter>Pliki nagłówkowe\sim_components</Filter>
    </ClInclude>
    <ClInclude Include="sim_components\sim_deck.h">
      <Filter>Pliki nagłówkowe\sim_components</Filter>
    </ClInclude>
    <ClInclude Include="sim_components\sim_part.h">
      <Filter>Pliki nagłówkowe\sim_components</Filter>
    </ClInclude>
    <ClInclude Include="sim_components\sim_result.h">
      <Filter>Pliki nagłówkowe\sim_components</Filter>
    </ClInclude>
    <ClInclude Include="sim_components\sim_stack.h">
      <Filter>Pliki nagłówkowe\sim_components</Filter>
    </ClInclude>
    <ClInclude Include="sim_components\sim_titan.h">
      <Filter>Pliki nagłówkowe\sim_components</Filter>
    </ClInclude>
    <ClInclude Include="program\attack_details.h">
      <Filter>Pliki nagłówkowe\program</Filter>
    </ClInclude>
    <ClInclude Include="program\import_data.h">
      <Filter>Pliki nagłówkowe\program</Filter>
    </ClInclude>
    <ClInclude Include="program\player_info.h">
      <Filter>Pliki nagłówkowe\program</Filter>
    </ClInclude>
    <ClInclude Include="program\simulation.h">
      <Filter>Pliki nagłówkowe\program</Filter>
    </ClInclude>
  </ItemGroup>
</Project>